
Microsoft Visual Studio Solution File, Format Version 12.00
# Visual Studio 15
VisualStudioVersion = 15.0.27004.2008
MinimumVisualStudioVersion = 10.0.40219.1
Project("{FAE04EC0-301F-11D3-BF4B-00C04F79EFBC}") = "Kafka_Chat", "Kafka_Chat\Kafka_Chat.csproj", "{43555A91-91AD-4B81-A4A0-CF2AA3B54077}"
EndProject
Global
	GlobalSection(SolutionConfigurationPlatforms) = preSolution
		Debug|Any CPU = Debug|Any CPU
		Release|Any CPU = Release|Any CPU
	EndGlobalSection
	GlobalSection(ProjectConfigurationPlatforms) = postSolution
		{43555A91-91AD-4B81-A4A0-CF2AA3B54077}.Debug|Any CPU.ActiveCfg = Debug|Any CPU
		{43555A91-91AD-4B81-A4A0-CF2AA3B54077}.Debug|Any CPU.Build.0 = Debug|Any CPU
		{43555A91-91AD-4B81-A4A0-CF2AA3B54077}.Release|Any CPU.ActiveCfg = Release|Any CPU
		{43555A91-91AD-4B81-A4A0-CF2AA3B54077}.Release|Any CPU.Build.0 = Release|Any CPU
	EndGlobalSection
	GlobalSection(SolutionProperties) = preSolution
		HideSolutionNode = FALSE
	EndGlobalSection
	GlobalSection(ExtensibilityGlobals) = postSolution
		SolutionGuid = {E7BC24A3-8843-4DCC-82FD-3F0B826A31DE}
	EndGlobalSection
EndGlobal
